
Microsoft Visual Studio Solution File, Format Version 12.00
# Visual Studio 15
VisualStudioVersion = 15.0.28307.168
MinimumVisualStudioVersion = 10.0.40219.1
Project("{FAE04EC0-301F-11D3-BF4B-00C04F79EFBC}") = "App01_ControleXF.Android", "App01_ControleXF\App01_ControleXF.Android\App01_ControleXF.Android.csproj", "{3D907C32-9A7F-4C7E-AA7F-C3C1B2210595}"
EndProject
Project("{FAE04EC0-301F-11D3-BF4B-00C04F79EFBC}") = "App01_ControleXF.iOS", "App01_ControleXF\App01_ControleXF.iOS\App01_ControleXF.iOS.csproj", "{3544927F-767B-4D60-AC55-A4CCCBA4386A}"
EndProject
Project("{FAE04EC0-301F-11D3-BF4B-00C04F79EFBC}") = "App01_ControleXF.UWP", "App01_ControleXF\App01_ControleXF.UWP\App01_ControleXF.UWP.csproj", "{DC3A9598-FB89-4345-A735-5143EDD914E5}"
EndProject
Project("{FAE04EC0-301F-11D3-BF4B-00C04F79EFBC}") = "App01_ControleXF", "App01_ControleXF\App01_ControleXF\App01_ControleXF.csproj", "{E8B1AF14-86B8-41E4-A6A0-F4BDC548B4D0}"
EndProject
Global
	GlobalSection(SolutionConfigurationPlatforms) = preSolution
		Ad-Hoc|Any CPU = Ad-Hoc|Any CPU
		Ad-Hoc|ARM = Ad-Hoc|ARM
		Ad-Hoc|iPhone = Ad-Hoc|iPhone
		Ad-Hoc|iPhoneSimulator = Ad-Hoc|iPhoneSimulator
		Ad-Hoc|x64 = Ad-Hoc|x64
		Ad-Hoc|x86 = Ad-Hoc|x86
		AppStore|Any CPU = AppStore|Any CPU
		AppStore|ARM = AppStore|ARM
		AppStore|iPhone = AppStore|iPhone
		AppStore|iPhoneSimulator = AppStore|iPhoneSimulator
		AppStore|x64 = AppStore|x64
		AppStore|x86 = AppStore|x86
		Debug|Any CPU = Debug|Any CPU
		Debug|ARM = Debug|ARM
		Debug|iPhone = Debug|iPhone
		Debug|iPhoneSimulator = Debug|iPhoneSimulator
		Debug|x64 = Debug|x64
		Debug|x86 = Debug|x86
		Release|Any CPU = Release|Any CPU
		Release|ARM = Release|ARM
		Release|iPhone = Release|iPhone
		Release|iPhoneSimulator = Release|iPhoneSimulator
		Release|x64 = Release|x64
		Release|x86 = Release|x86
	EndGlobalSection
	GlobalSection(ProjectConfigurationPlatforms) = postSolution
		{3D907C32-9A7F-4C7E-AA7F-C3C1B2210595}.Ad-Hoc|Any CPU.ActiveCfg = Release|Any CPU
		{3D907C32-9A7F-4C7E-AA7F-C3C1B2210595}.Ad-Hoc|Any CPU.Build.0 = Release|Any CPU
		{3D907C32-9A7F-4C7E-AA7F-C3C1B2210595}.Ad-Hoc|Any CPU.Deploy.0 = Release|Any CPU
		{3D907C32-9A7F-4C7E-AA7F-C3C1B2210595}.Ad-Hoc|ARM.ActiveCfg = Release|Any CPU
		{3D907C32-9A7F-4C7E-AA7F-C3C1B2210595}.Ad-Hoc|ARM.Build.0 = Release|Any CPU
		{3D907C32-9A7F-4C7E-AA7F-C3C1B2210595}.Ad-Hoc|ARM.Deploy.0 = Release|Any CPU
		{3D907C32-9A7F-4C7E-AA7F-C3C1B2210595}.Ad-Hoc|iPhone.ActiveCfg = Release|Any CPU
		{3D907C32-9A7F-4C7E-AA7F-C3C1B2210595}.Ad-Hoc|iPhone.Build.0 = Release|Any CPU
		{3D907C32-9A7F-4C7E-AA7F-C3C1B2210595}.Ad-Hoc|iPhone.Deploy.0 = Release|Any CPU
		{3D907C32-9A7F-4C7E-AA7F-C3C1B2210595}.Ad-Hoc|iPhoneSimulator.ActiveCfg = Release|Any CPU
		{3D907C32-9A7F-4C7E-AA7F-C3C1B2210595}.Ad-Hoc|iPhoneSimulator.Build.0 = Release|Any CPU
		{3D907C32-9A7F-4C7E-AA7F-C3C1B2210595}.Ad-Hoc|iPhoneSimulator.Deploy.0 = Release|Any CPU
		{3D907C32-9A7F-4C7E-AA7F-C3C1B2210595}.Ad-Hoc|x64.ActiveCfg = Release|Any CPU
		{3D907C32-9A7F-4C7E-AA7F-C3C1B2210595}.Ad-Hoc|x64.Build.0 = Release|Any CPU
		{3D907C32-9A7F-4C7E-AA7F-C3C1B2210595}.Ad-Hoc|x64.Deploy.0 = Release|Any CPU
		{3D907C32-9A7F-4C7E-AA7F-C3C1B2210595}.Ad-Hoc|x86.ActiveCfg = Release|Any CPU
		{3D907C32-9A7F-4C7E-AA7F-C3C1B2210595}.Ad-Hoc|x86.Build.0 = Release|Any CPU
		{3D907C32-9A7F-4C7E-AA7F-C3C1B2210595}.Ad-Hoc|x86.Deploy.0 = Release|Any CPU
		{3D907C32-9A7F-4C7E-AA7F-C3C1B2210595}.AppStore|Any CPU.ActiveCfg = Release|Any CPU
		{3D907C32-9A7F-4C7E-AA7F-C3C1B2210595}.AppStore|Any CPU.Build.0 = Release|Any CPU
		{3D907C32-9A7F-4C7E-AA7F-C3C1B2210595}.AppStore|Any CPU.Deploy.0 = Release|Any CPU
		{3D907C32-9A7F-4C7E-AA7F-C3C1B2210595}.AppStore|ARM.ActiveCfg = Release|Any CPU
		{3D907C32-9A7F-4C7E-AA7F-C3C1B2210595}.AppStore|ARM.Build.0 = Release|Any CPU
		{3D907C32-9A7F-4C7E-AA7F-C3C1B2210595}.AppStore|ARM.Deploy.0 = Release|Any CPU
		{3D907C32-9A7F-4C7E-AA7F-C3C1B2210595}.AppStore|iPhone.ActiveCfg = Release|Any CPU
		{3D907C32-9A7F-4C7E-AA7F-C3C1B2210595}.AppStore|iPhone.Build.0 = Release|Any CPU
		{3D907C32-9A7F-4C7E-AA7F-C3C1B2210595}.AppStore|iPhone.Deploy.0 = Release|Any CPU
		{3D907C32-9A7F-4C7E-AA7F-C3C1B2210595}.AppStore|iPhoneSimulator.ActiveCfg = Release|Any CPU
		{3D907C32-9A7F-4C7E-AA7F-C3C1B2210595}.AppStore|iPhoneSimulator.Build.0 = Release|Any CPU
		{3D907C32-9A7F-4C7E-AA7F-C3C1B2210595}.AppStore|iPhoneSimulator.Deploy.0 = Release|Any CPU
		{3D907C32-9A7F-4C7E-AA7F-C3C1B2210595}.AppStore|x64.ActiveCfg = Release|Any CPU
		{3D907C32-9A7F-4C7E-AA7F-C3C1B2210595}.AppStore|x64.Build.0 = Release|Any CPU
		{3D907C32-9A7F-4C7E-AA7F-C3C1B2210595}.AppStore|x64.Deploy.0 = Release|Any CPU
		{3D907C32-9A7F-4C7E-AA7F-C3C1B2210595}.AppStore|x86.ActiveCfg = Release|Any CPU
		{3D907C32-9A7F-4C7E-AA7F-C3C1B2210595}.AppStore|x86.Build.0 = Release|Any CPU
		{3D907C32-9A7F-4C7E-AA7F-C3C1B2210595}.AppStore|x86.Deploy.0 = Release|Any CPU
		{3D907C32-9A7F-4C7E-AA7F-C3C1B2210595}.Debug|Any CPU.ActiveCfg = Debug|Any CPU
		{3D907C32-9A7F-4C7E-AA7F-C3C1B2210595}.Debug|Any CPU.Build.0 = Debug|Any CPU
		{3D907C32-9A7F-4C7E-AA7F-C3C1B2210595}.Debug|Any CPU.Deploy.0 = Debug|Any CPU
		{3D907C32-9A7F-4C7E-AA7F-C3C1B2210595}.Debug|ARM.ActiveCfg = Debug|Any CPU
		{3D907C32-9A7F-4C7E-AA7F-C3C1B2210595}.Debug|ARM.Build.0 = Debug|Any CPU
		{3D907C32-9A7F-4C7E-AA7F-C3C1B2210595}.Debug|ARM.Deploy.0 = Debug|Any CPU
		{3D907C32-9A7F-4C7E-AA7F-C3C1B2210595}.Debug|iPhone.ActiveCfg = Debug|Any CPU
		{3D907C32-9A7F-4C7E-AA7F-C3C1B2210595}.Debug|iPhone.Build.0 = Debug|Any CPU
		{3D907C32-9A7F-4C7E-AA7F-C3C1B2210595}.Debug|iPhone.Deploy.0 = Debug|Any CPU
		{3D907C32-9A7F-4C7E-AA7F-C3C1B2210595}.Debug|iPhoneSimulator.ActiveCfg = Debug|Any CPU
		{3D907C32-9A7F-4C7E-AA7F-C3C1B2210595}.Debug|iPhoneSimulator.Build.0 = Debug|Any CPU
		{3D907C32-9A7F-4C7E-AA7F-C3C1B2210595}.Debug|iPhoneSimulator.Deploy.0 = Debug|Any CPU
		{3D907C32-9A7F-4C7E-AA7F-C3C1B2210595}.Debug|x64.ActiveCfg = Debug|Any CPU
		{3D907C32-9A7F-4C7E-AA7F-C3C1B2210595}.Debug|x64.Build.0 = Debug|Any CPU
		{3D907C32-9A7F-4C7E-AA7F-C3C1B2210595}.Debug|x64.Deploy.0 = Debug|Any CPU
		{3D907C32-9A7F-4C7E-AA7F-C3C1B2210595}.Debug|x86.ActiveCfg = Debug|Any CPU
		{3D907C32-9A7F-4C7E-AA7F-C3C1B2210595}.Debug|x86.Build.0 = Debug|Any CPU
		{3D907C32-9A7F-4C7E-AA7F-C3C1B2210595}.Debug|x86.Deploy.0 = Debug|Any CPU
		{3D907C32-9A7F-4C7E-AA7F-C3C1B2210595}.Release|Any CPU.ActiveCfg = Release|Any CPU
		{3D907C32-9A7F-4C7E-AA7F-C3C1B2210595}.Release|Any CPU.Build.0 = Release|Any CPU
		{3D907C32-9A7F-4C7E-AA7F-C3C1B2210595}.Release|Any CPU.Deploy.0 = Release|Any CPU
		{3D907C32-9A7F-4C7E-AA7F-C3C1B2210595}.Release|ARM.ActiveCfg = Release|Any CPU
		{3D907C32-9A7F-4C7E-AA7F-C3C1B2210595}.Release|ARM.Build.0 = Release|Any CPU
		{3D907C32-9A7F-4C7E-AA7F-C3C1B2210595}.Release|ARM.Deploy.0 = Release|Any CPU
		{3D907C32-9A7F-4C7E-AA7F-C3C1B2210595}.Release|iPhone.ActiveCfg = Release|Any CPU
		{3D907C32-9A7F-4C7E-AA7F-C3C1B2210595}.Release|iPhone.Build.0 = Release|Any CPU
		{3D907C32-9A7F-4C7E-AA7F-C3C1B2210595}.Release|iPhone.Deploy.0 = Release|Any CPU
		{3D907C32-9A7F-4C7E-AA7F-C3C1B2210595}.Release|iPhoneSimulator.ActiveCfg = Release|Any CPU
		{3D907C32-9A7F-4C7E-AA7F-C3C1B2210595}.Release|iPhoneSimulator.Build.0 = Release|Any CPU
		{3D907C32-9A7F-4C7E-AA7F-C3C1B2210595}.Release|iPhoneSimulator.Deploy.0 = Release|Any CPU
		{3D907C32-9A7F-4C7E-AA7F-C3C1B2210595}.Release|x64.ActiveCfg = Release|Any CPU
		{3D907C32-9A7F-4C7E-AA7F-C3C1B2210595}.Release|x64.Build.0 = Release|Any CPU
		{3D907C32-9A7F-4C7E-AA7F-C3C1B2210595}.Release|x64.Deploy.0 = Release|Any CPU
		{3D907C32-9A7F-4C7E-AA7F-C3C1B2210595}.Release|x86.ActiveCfg = Release|Any CPU
		{3D907C32-9A7F-4C7E-AA7F-C3C1B2210595}.Release|x86.Build.0 = Release|Any CPU
		{3D907C32-9A7F-4C7E-AA7F-C3C1B2210595}.Release|x86.Deploy.0 = Release|Any CPU
		{3544927F-767B-4D60-AC55-A4CCCBA4386A}.Ad-Hoc|Any CPU.ActiveCfg = Ad-Hoc|iPhone
		{3544927F-767B-4D60-AC55-A4CCCBA4386A}.Ad-Hoc|Any CPU.Build.0 = Ad-Hoc|iPhone
		{3544927F-767B-4D60-AC55-A4CCCBA4386A}.Ad-Hoc|Any CPU.Deploy.0 = Ad-Hoc|iPhone
		{3544927F-767B-4D60-AC55-A4CCCBA4386A}.Ad-Hoc|ARM.ActiveCfg = Ad-Hoc|iPhone
		{3544927F-767B-4D60-AC55-A4CCCBA4386A}.Ad-Hoc|ARM.Build.0 = Ad-Hoc|iPhone
		{3544927F-767B-4D60-AC55-A4CCCBA4386A}.Ad-Hoc|ARM.Deploy.0 = Ad-Hoc|iPhone
		{3544927F-767B-4D60-AC55-A4CCCBA4386A}.Ad-Hoc|iPhone.ActiveCfg = Ad-Hoc|iPhone
		{3544927F-767B-4D60-AC55-A4CCCBA4386A}.Ad-Hoc|iPhone.Build.0 = Ad-Hoc|iPhone
		{3544927F-767B-4D60-AC55-A4CCCBA4386A}.Ad-Hoc|iPhone.Deploy.0 = Ad-Hoc|iPhone
		{3544927F-767B-4D60-AC55-A4CCCBA4386A}.Ad-Hoc|iPhoneSimulator.ActiveCfg = Ad-Hoc|iPhoneSimulator
		{3544927F-767B-4D60-AC55-A4CCCBA4386A}.Ad-Hoc|iPhoneSimulator.Build.0 = Ad-Hoc|iPhoneSimulator
		{3544927F-767B-4D60-AC55-A4CCCBA4386A}.Ad-Hoc|iPhoneSimulator.Deploy.0 = Ad-Hoc|iPhoneSimulator
		{3544927F-767B-4D60-AC55-A4CCCBA4386A}.Ad-Hoc|x64.ActiveCfg = Ad-Hoc|iPhone
		{3544927F-767B-4D60-AC55-A4CCCBA4386A}.Ad-Hoc|x64.Build.0 = Ad-Hoc|iPhone
		{3544927F-767B-4D60-AC55-A4CCCBA4386A}.Ad-Hoc|x64.Deploy.0 = Ad-Hoc|iPhone
		{3544927F-767B-4D60-AC55-A4CCCBA4386A}.Ad-Hoc|x86.ActiveCfg = Ad-Hoc|iPhone
		{3544927F-767B-4D60-AC55-A4CCCBA4386A}.Ad-Hoc|x86.Build.0 = Ad-Hoc|iPhone
		{3544927F-767B-4D60-AC55-A4CCCBA4386A}.Ad-Hoc|x86.Deploy.0 = Ad-Hoc|iPhone
		{3544927F-767B-4D60-AC55-A4CCCBA4386A}.AppStore|Any CPU.ActiveCfg = AppStore|iPhone
		{3544927F-767B-4D60-AC55-A4CCCBA4386A}.AppStore|Any CPU.Build.0 = AppStore|iPhone
		{3544927F-767B-4D60-AC55-A4CCCBA4386A}.AppStore|Any CPU.Deploy.0 = AppStore|iPhone
		{3544927F-767B-4D60-AC55-A4CCCBA4386A}.AppStore|ARM.ActiveCfg = AppStore|iPhone
		{3544927F-767B-4D60-AC55-A4CCCBA4386A}.AppStore|ARM.Build.0 = AppStore|iPhone
		{3544927F-767B-4D60-AC55-A4CCCBA4386A}.AppStore|ARM.Deploy.0 = AppStore|iPhone
		{3544927F-767B-4D60-AC55-A4CCCBA4386A}.AppStore|iPhone.ActiveCfg = AppStore|iPhone
		{3544927F-767B-4D60-AC55-A4CCCBA4386A}.AppStore|iPhone.Build.0 = AppStore|iPhone
		{3544927F-767B-4D60-AC55-A4CCCBA4386A}.AppStore|iPhone.Deploy.0 = AppStore|iPhone
		{3544927F-767B-4D60-AC55-A4CCCBA4386A}.AppStore|iPhoneSimulator.ActiveCfg = AppStore|iPhoneSimulator
		{3544927F-767B-4D60-AC55-A4CCCBA4386A}.AppStore|iPhoneSimulator.Build.0 = AppStore|iPhoneSimulator
		{3544927F-767B-4D60-AC55-A4CCCBA4386A}.AppStore|iPhoneSimulator.Deploy.0 = AppStore|iPhoneSimulator
		{3544927F-767B-4D60-AC55-A4CCCBA4386A}.AppStore|x64.ActiveCfg = AppStore|iPhone
		{3544927F-767B-4D60-AC55-A4CCCBA4386A}.AppStore|x64.Build.0 = AppStore|iPhone
		{3544927F-767B-4D60-AC55-A4CCCBA4386A}.AppStore|x64.Deploy.0 = AppStore|iPhone
		{3544927F-767B-4D60-AC55-A4CCCBA4386A}.AppStore|x86.ActiveCfg = AppStore|iPhone
		{3544927F-767B-4D60-AC55-A4CCCBA4386A}.AppStore|x86.Build.0 = AppStore|iPhone
		{3544927F-767B-4D60-AC55-A4CCCBA4386A}.AppStore|x86.Deploy.0 = AppStore|iPhone
		{3544927F-767B-4D60-AC55-A4CCCBA4386A}.Debug|Any CPU.ActiveCfg = Debug|iPhoneSimulator
		{3544927F-767B-4D60-AC55-A4CCCBA4386A}.Debug|Any CPU.Build.0 = Debug|iPhoneSimulator
		{3544927F-767B-4D60-AC55-A4CCCBA4386A}.Debug|Any CPU.Deploy.0 = Debug|iPhoneSimulator
		{3544927F-767B-4D60-AC55-A4CCCBA4386A}.Debug|ARM.ActiveCfg = Debug|iPhone
		{3544927F-767B-4D60-AC55-A4CCCBA4386A}.Debug|ARM.Build.0 = Debug|iPhone
		{3544927F-767B-4D60-AC55-A4CCCBA4386A}.Debug|ARM.Deploy.0 = Debug|iPhone
		{3544927F-767B-4D60-AC55-A4CCCBA4386A}.Debug|iPhone.ActiveCfg = Debug|iPhone
		{3544927F-767B-4D60-AC55-A4CCCBA4386A}.Debug|iPhone.Build.0 = Debug|iPhone
		{3544927F-767B-4D60-AC55-A4CCCBA4386A}.Debug|iPhone.Deploy.0 = Debug|iPhone
		{3544927F-767B-4D60-AC55-A4CCCBA4386A}.Debug|iPhoneSimulator.ActiveCfg = Debug|iPhoneSimulator
		{3544927F-767B-4D60-AC55-A4CCCBA4386A}.Debug|iPhoneSimulator.Build.0 = Debug|iPhoneSimulator
		{3544927F-767B-4D60-AC55-A4CCCBA4386A}.Debug|iPhoneSimulator.Deploy.0 = Debug|iPhoneSimulator
		{3544927F-767B-4D60-AC55-A4CCCBA4386A}.Debug|x64.ActiveCfg = Debug|iPhone
		{3544927F-767B-4D60-AC55-A4CCCBA4386A}.Debug|x64.Build.0 = Debug|iPhone
		{3544927F-767B-4D60-AC55-A4CCCBA4386A}.Debug|x64.Deploy.0 = Debug|iPhone
		{3544927F-767B-4D60-AC55-A4CCCBA4386A}.Debug|x86.ActiveCfg = Debug|iPhone
		{3544927F-767B-4D60-AC55-A4CCCBA4386A}.Debug|x86.Build.0 = Debug|iPhone
		{3544927F-767B-4D60-AC55-A4CCCBA4386A}.Debug|x86.Deploy.0 = Debug|iPhone
		{3544927F-767B-4D60-AC55-A4CCCBA4386A}.Release|Any CPU.ActiveCfg = Release|iPhone
		{3544927F-767B-4D60-AC55-A4CCCBA4386A}.Release|Any CPU.Build.0 = Release|iPhone
		{3544927F-767B-4D60-AC55-A4CCCBA4386A}.Release|Any CPU.Deploy.0 = Release|iPhone
		{3544927F-767B-4D60-AC55-A4CCCBA4386A}.Release|ARM.ActiveCfg = Release|iPhone
		{3544927F-767B-4D60-AC55-A4CCCBA4386A}.Release|ARM.Build.0 = Release|iPhone
		{3544927F-767B-4D60-AC55-A4CCCBA4386A}.Release|ARM.Deploy.0 = Release|iPhone
		{3544927F-767B-4D60-AC55-A4CCCBA4386A}.Release|iPhone.ActiveCfg = Release|iPhone
		{3544927F-767B-4D60-AC55-A4CCCBA4386A}.Release|iPhone.Build.0 = Release|iPhone
		{3544927F-767B-4D60-AC55-A4CCCBA4386A}.Release|iPhone.Deploy.0 = Release|iPhone
		{3544927F-767B-4D60-AC55-A4CCCBA4386A}.Release|iPhoneSimulator.ActiveCfg = Release|iPhoneSimulator
		{3544927F-767B-4D60-AC55-A4CCCBA4386A}.Release|iPhoneSimulator.Build.0 = Release|iPhoneSimulator
		{3544927F-767B-4D60-AC55-A4CCCBA4386A}.Release|iPhoneSimulator.Deploy.0 = Release|iPhoneSimulator
		{3544927F-767B-4D60-AC55-A4CCCBA4386A}.Release|x64.ActiveCfg = Release|iPhone
		{3544927F-767B-4D60-AC55-A4CCCBA4386A}.Release|x64.Build.0 = Release|iPhone
		{3544927F-767B-4D60-AC55-A4CCCBA4386A}.Release|x64.Deploy.0 = Release|iPhone
		{3544927F-767B-4D60-AC55-A4CCCBA4386A}.Release|x86.ActiveCfg = Release|iPhone
		{3544927F-767B-4D60-AC55-A4CCCBA4386A}.Release|x86.Build.0 = Release|iPhone
		{3544927F-767B-4D60-AC55-A4CCCBA4386A}.Release|x86.Deploy.0 = Release|iPhone
		{DC3A9598-FB89-4345-A735-5143EDD914E5}.Ad-Hoc|Any CPU.ActiveCfg = Release|x86
		{DC3A9598-FB89-4345-A735-5143EDD914E5}.Ad-Hoc|Any CPU.Build.0 = Release|x86
		{DC3A9598-FB89-4345-A735-5143EDD914E5}.Ad-Hoc|Any CPU.Deploy.0 = Release|x86
		{DC3A9598-FB89-4345-A735-5143EDD914E5}.Ad-Hoc|ARM.ActiveCfg = Release|ARM
		{DC3A9598-FB89-4345-A735-5143EDD914E5}.Ad-Hoc|ARM.Build.0 = Release|ARM
		{DC3A9598-FB89-4345-A735-5143EDD914E5}.Ad-Hoc|ARM.Deploy.0 = Release|ARM
		{DC3A9598-FB89-4345-A735-5143EDD914E5}.Ad-Hoc|iPhone.ActiveCfg = Release|x86
		{DC3A9598-FB89-4345-A735-5143EDD914E5}.Ad-Hoc|iPhone.Build.0 = Release|x86
		{DC3A9598-FB89-4345-A735-5143EDD914E5}.Ad-Hoc|iPhone.Deploy.0 = Release|x86
		{DC3A9598-FB89-4345-A735-5143EDD914E5}.Ad-Hoc|iPhoneSimulator.ActiveCfg = Release|x86
		{DC3A9598-FB89-4345-A735-5143EDD914E5}.Ad-Hoc|iPhoneSimulator.Build.0 = Release|x86
		{DC3A9598-FB89-4345-A735-5143EDD914E5}.Ad-Hoc|iPhoneSimulator.Deploy.0 = Release|x86
		{DC3A9598-FB89-4345-A735-5143EDD914E5}.Ad-Hoc|x64.ActiveCfg = Release|x64
		{DC3A9598-FB89-4345-A735-5143EDD914E5}.Ad-Hoc|x64.Build.0 = Release|x64
		{DC3A9598-FB89-4345-A735-5143EDD914E5}.Ad-Hoc|x64.Deploy.0 = Release|x64
		{DC3A9598-FB89-4345-A735-5143EDD914E5}.Ad-Hoc|x86.ActiveCfg = Release|x86
		{DC3A9598-FB89-4345-A735-5143EDD914E5}.Ad-Hoc|x86.Build.0 = Release|x86
		{DC3A9598-FB89-4345-A735-5143EDD914E5}.Ad-Hoc|x86.Deploy.0 = Release|x86
		{DC3A9598-FB89-4345-A735-5143EDD914E5}.AppStore|Any CPU.ActiveCfg = Release|x86
		{DC3A9598-FB89-4345-A735-5143EDD914E5}.AppStore|Any CPU.Build.0 = Release|x86
		{DC3A9598-FB89-4345-A735-5143EDD914E5}.AppStore|Any CPU.Deploy.0 = Release|x86
		{DC3A9598-FB89-4345-A735-5143EDD914E5}.AppStore|ARM.ActiveCfg = Release|ARM
		{DC3A9598-FB89-4345-A735-5143EDD914E5}.AppStore|ARM.Build.0 = Release|ARM
		{DC3A9598-FB89-4345-A735-5143EDD914E5}.AppStore|ARM.Deploy.0 = Release|ARM
		{DC3A9598-FB89-4345-A735-5143EDD914E5}.AppStore|iPhone.ActiveCfg = Release|x86
		{DC3A9598-FB89-4345-A735-5143EDD914E5}.AppStore|iPhone.Build.0 = Release|x86
		{DC3A9598-FB89-4345-A735-5143EDD914E5}.AppStore|iPhone.Deploy.0 = Release|x86
		{DC3A9598-FB89-4345-A735-5143EDD914E5}.AppStore|iPhoneSimulator.ActiveCfg = Release|x86
		{DC3A9598-FB89-4345-A735-5143EDD914E5}.AppStore|iPhoneSimulator.Build.0 = Release|x86
		{DC3A9598-FB89-4345-A735-5143EDD914E5}.AppStore|iPhoneSimulator.Deploy.0 = Release|x86
		{DC3A9598-FB89-4345-A735-5143EDD914E5}.AppStore|x64.ActiveCfg = Release|x64
		{DC3A9598-FB89-4345-A735-5143EDD914E5}.AppStore|x64.Build.0 = Release|x64
		{DC3A9598-FB89-4345-A735-5143EDD914E5}.AppStore|x64.Deploy.0 = Release|x64
		{DC3A9598-FB89-4345-A735-5143EDD914E5}.AppStore|x86.ActiveCfg = Release|x86
		{DC3A9598-FB89-4345-A735-5143EDD914E5}.AppStore|x86.Build.0 = Release|x86
		{DC3A9598-FB89-4345-A735-5143EDD914E5}.AppStore|x86.Deploy.0 = Release|x86
		{DC3A9598-FB89-4345-A735-5143EDD914E5}.Debug|Any CPU.ActiveCfg = Debug|x86
		{DC3A9598-FB89-4345-A735-5143EDD914E5}.Debug|Any CPU.Build.0 = Debug|x86
		{DC3A9598-FB89-4345-A735-5143EDD914E5}.Debug|Any CPU.Deploy.0 = Debug|x86
		{DC3A9598-FB89-4345-A735-5143EDD914E5}.Debug|ARM.ActiveCfg = Debug|ARM
		{DC3A9598-FB89-4345-A735-5143EDD914E5}.Debug|ARM.Build.0 = Debug|ARM
		{DC3A9598-FB89-4345-A735-5143EDD914E5}.Debug|ARM.Deploy.0 = Debug|ARM
		{DC3A9598-FB89-4345-A735-5143EDD914E5}.Debug|iPhone.ActiveCfg = Debug|x86
		{DC3A9598-FB89-4345-A735-5143EDD914E5}.Debug|iPhone.Build.0 = Debug|x86
		{DC3A9598-FB89-4345-A735-5143EDD914E5}.Debug|iPhone.Deploy.0 = Debug|x86
		{DC3A9598-FB89-4345-A735-5143EDD914E5}.Debug|iPhoneSimulator.ActiveCfg = Debug|x86
		{DC3A9598-FB89-4345-A735-5143EDD914E5}.Debug|iPhoneSimulator.Build.0 = Debug|x86
		{DC3A9598-FB89-4345-A735-5143EDD914E5}.Debug|iPhoneSimulator.Deploy.0 = Debug|x86
		{DC3A9598-FB89-4345-A735-5143EDD914E5}.Debug|x64.ActiveCfg = Debug|x64
		{DC3A9598-FB89-4345-A735-5143EDD914E5}.Debug|x64.Build.0 = Debug|x64
		{DC3A9598-FB89-4345-A735-5143EDD914E5}.Debug|x64.Deploy.0 = Debug|x64
		{DC3A9598-FB89-4345-A735-5143EDD914E5}.Debug|x86.ActiveCfg = Debug|x86
		{DC3A9598-FB89-4345-A735-5143EDD914E5}.Debug|x86.Build.0 = Debug|x86
		{DC3A9598-FB89-4345-A735-5143EDD914E5}.Debug|x86.Deploy.0 = Debug|x86
		{DC3A9598-FB89-4345-A735-5143EDD914E5}.Release|Any CPU.ActiveCfg = Release|x86
		{DC3A9598-FB89-4345-A735-5143EDD914E5}.Release|Any CPU.Build.0 = Release|x86
		{DC3A9598-FB89-4345-A735-5143EDD914E5}.Release|Any CPU.Deploy.0 = Release|x86
		{DC3A9598-FB89-4345-A735-5143EDD914E5}.Release|ARM.ActiveCfg = Release|ARM
		{DC3A9598-FB89-4345-A735-5143EDD914E5}.Release|ARM.Build.0 = Release|ARM
		{DC3A9598-FB89-4345-A735-5143EDD914E5}.Release|ARM.Deploy.0 = Release|ARM
		{DC3A9598-FB89-4345-A735-5143EDD914E5}.Release|iPhone.ActiveCfg = Release|x86
		{DC3A9598-FB89-4345-A735-5143EDD914E5}.Release|iPhone.Build.0 = Release|x86
		{DC3A9598-FB89-4345-A735-5143EDD914E5}.Release|iPhone.Deploy.0 = Release|x86
		{DC3A9598-FB89-4345-A735-5143EDD914E5}.Release|iPhoneSimulator.ActiveCfg = Release|x86
		{DC3A9598-FB89-4345-A735-5143EDD914E5}.Release|iPhoneSimulator.Build.0 = Release|x86
		{DC3A9598-FB89-4345-A735-5143EDD914E5}.Release|iPhoneSimulator.Deploy.0 = Release|x86
		{DC3A9598-FB89-4345-A735-5143EDD914E5}.Release|x64.ActiveCfg = Release|x64
		{DC3A9598-FB89-4345-A735-5143EDD914E5}.Release|x64.Build.0 = Release|x64
		{DC3A9598-FB89-4345-A735-5143EDD914E5}.Release|x64.Deploy.0 = Release|x64
		{DC3A9598-FB89-4345-A735-5143EDD914E5}.Release|x86.ActiveCfg = Release|x86
		{DC3A9598-FB89-4345-A735-5143EDD914E5}.Release|x86.Build.0 = Release|x86
		{DC3A9598-FB89-4345-A735-5143EDD914E5}.Release|x86.Deploy.0 = Release|x86
		{E8B1AF14-86B8-41E4-A6A0-F4BDC548B4D0}.Ad-Hoc|Any CPU.ActiveCfg = Debug|Any CPU
		{E8B1AF14-86B8-41E4-A6A0-F4BDC548B4D0}.Ad-Hoc|Any CPU.Build.0 = Debug|Any CPU
		{E8B1AF14-86B8-41E4-A6A0-F4BDC548B4D0}.Ad-Hoc|Any CPU.Deploy.0 = Debug|Any CPU
		{E8B1AF14-86B8-41E4-A6A0-F4BDC548B4D0}.Ad-Hoc|ARM.ActiveCfg = Debug|Any CPU
		{E8B1AF14-86B8-41E4-A6A0-F4BDC548B4D0}.Ad-Hoc|ARM.Build.0 = Debug|Any CPU
		{E8B1AF14-86B8-41E4-A6A0-F4BDC548B4D0}.Ad-Hoc|ARM.Deploy.0 = Debug|Any CPU
		{E8B1AF14-86B8-41E4-A6A0-F4BDC548B4D0}.Ad-Hoc|iPhone.ActiveCfg = Debug|Any CPU
		{E8B1AF14-86B8-41E4-A6A0-F4BDC548B4D0}.Ad-Hoc|iPhone.Build.0 = Debug|Any CPU
		{E8B1AF14-86B8-41E4-A6A0-F4BDC548B4D0}.Ad-Hoc|iPhone.Deploy.0 = Debug|Any CPU
		{E8B1AF14-86B8-41E4-A6A0-F4BDC548B4D0}.Ad-Hoc|iPhoneSimulator.ActiveCfg = Debug|Any CPU
		{E8B1AF14-86B8-41E4-A6A0-F4BDC548B4D0}.Ad-Hoc|iPhoneSimulator.Build.0 = Debug|Any CPU
		{E8B1AF14-86B8-41E4-A6A0-F4BDC548B4D0}.Ad-Hoc|iPhoneSimulator.Deploy.0 = Debug|Any CPU
		{E8B1AF14-86B8-41E4-A6A0-F4BDC548B4D0}.Ad-Hoc|x64.ActiveCfg = Debug|Any CPU
		{E8B1AF14-86B8-41E4-A6A0-F4BDC548B4D0}.Ad-Hoc|x64.Build.0 = Debug|Any CPU
		{E8B1AF14-86B8-41E4-A6A0-F4BDC548B4D0}.Ad-Hoc|x64.Deploy.0 = Debug|Any CPU
		{E8B1AF14-86B8-41E4-A6A0-F4BDC548B4D0}.Ad-Hoc|x86.ActiveCfg = Debug|Any CPU
		{E8B1AF14-86B8-41E4-A6A0-F4BDC548B4D0}.Ad-Hoc|x86.Build.0 = Debug|Any CPU
		{E8B1AF14-86B8-41E4-A6A0-F4BDC548B4D0}.Ad-Hoc|x86.Deploy.0 = Debug|Any CPU
		{E8B1AF14-86B8-41E4-A6A0-F4BDC548B4D0}.AppStore|Any CPU.ActiveCfg = Debug|Any CPU
		{E8B1AF14-86B8-41E4-A6A0-F4BDC548B4D0}.AppStore|Any CPU.Build.0 = Debug|Any CPU
		{E8B1AF14-86B8-41E4-A6A0-F4BDC548B4D0}.AppStore|Any CPU.Deploy.0 = Debug|Any CPU
		{E8B1AF14-86B8-41E4-A6A0-F4BDC548B4D0}.AppStore|ARM.ActiveCfg = Debug|Any CPU
		{E8B1AF14-86B8-41E4-A6A0-F4BDC548B4D0}.AppStore|ARM.Build.0 = Debug|Any CPU
		{E8B1AF14-86B8-41E4-A6A0-F4BDC548B4D0}.AppStore|ARM.Deploy.0 = Debug|Any CPU
		{E8B1AF14-86B8-41E4-A6A0-F4BDC548B4D0}.AppStore|iPhone.ActiveCfg = Debug|Any CPU
		{E8B1AF14-86B8-41E4-A6A0-F4BDC548B4D0}.AppStore|iPhone.Build.0 = Debug|Any CPU
		{E8B1AF14-86B8-41E4-A6A0-F4BDC548B4D0}.AppStore|iPhone.Deploy.0 = Debug|Any CPU
		{E8B1AF14-86B8-41E4-A6A0-F4BDC548B4D0}.AppStore|iPhoneSimulator.ActiveCfg = Debug|Any CPU
		{E8B1AF14-86B8-41E4-A6A0-F4BDC548B4D0}.AppStore|iPhoneSimulator.Build.0 = Debug|Any CPU
		{E8B1AF14-86B8-41E4-A6A0-F4BDC548B4D0}.AppStore|iPhoneSimulator.Deploy.0 = Debug|Any CPU
		{E8B1AF14-86B8-41E4-A6A0-F4BDC548B4D0}.AppStore|x64.ActiveCfg = Debug|Any CPU
		{E8B1AF14-86B8-41E4-A6A0-F4BDC548B4D0}.AppStore|x64.Build.0 = Debug|Any CPU
		{E8B1AF14-86B8-41E4-A6A0-F4BDC548B4D0}.AppStore|x64.Deploy.0 = Debug|Any CPU
		{E8B1AF14-86B8-41E4-A6A0-F4BDC548B4D0}.AppStore|x86.ActiveCfg = Debug|Any CPU
		{E8B1AF14-86B8-41E4-A6A0-F4BDC548B4D0}.AppStore|x86.Build.0 = Debug|Any CPU
		{E8B1AF14-86B8-41E4-A6A0-F4BDC548B4D0}.AppStore|x86.Deploy.0 = Debug|Any CPU
		{E8B1AF14-86B8-41E4-A6A0-F4BDC548B4D0}.Debug|Any CPU.ActiveCfg = Debug|Any CPU
		{E8B1AF14-86B8-41E4-A6A0-F4BDC548B4D0}.Debug|Any CPU.Build.0 = Debug|Any CPU
		{E8B1AF14-86B8-41E4-A6A0-F4BDC548B4D0}.Debug|Any CPU.Deploy.0 = Debug|Any CPU
		{E8B1AF14-86B8-41E4-A6A0-F4BDC548B4D0}.Debug|ARM.ActiveCfg = Debug|Any CPU
		{E8B1AF14-86B8-41E4-A6A0-F4BDC548B4D0}.Debug|ARM.Build.0 = Debug|Any CPU
		{E8B1AF14-86B8-41E4-A6A0-F4BDC548B4D0}.Debug|ARM.Deploy.0 = Debug|Any CPU
		{E8B1AF14-86B8-41E4-A6A0-F4BDC548B4D0}.Debug|iPhone.ActiveCfg = Debug|Any CPU
		{E8B1AF14-86B8-41E4-A6A0-F4BDC548B4D0}.Debug|iPhone.Build.0 = Debug|Any CPU
		{E8B1AF14-86B8-41E4-A6A0-F4BDC548B4D0}.Debug|iPhone.Deploy.0 = Debug|Any CPU
		{E8B1AF14-86B8-41E4-A6A0-F4BDC548B4D0}.Debug|iPhoneSimulator.ActiveCfg = Debug|Any CPU
		{E8B1AF14-86B8-41E4-A6A0-F4BDC548B4D0}.Debug|iPhoneSimulator.Build.0 = Debug|Any CPU
		{E8B1AF14-86B8-41E4-A6A0-F4BDC548B4D0}.Debug|iPhoneSimulator.Deploy.0 = Debug|Any CPU
		{E8B1AF14-86B8-41E4-A6A0-F4BDC548B4D0}.Debug|x64.ActiveCfg = Debug|Any CPU
		{E8B1AF14-86B8-41E4-A6A0-F4BDC548B4D0}.Debug|x64.Build.0 = Debug|Any CPU
		{E8B1AF14-86B8-41E4-A6A0-F4BDC548B4D0}.Debug|x64.Deploy.0 = Debug|Any CPU
		{E8B1AF14-86B8-41E4-A6A0-F4BDC548B4D0}.Debug|x86.ActiveCfg = Debug|Any CPU
		{E8B1AF14-86B8-41E4-A6A0-F4BDC548B4D0}.Debug|x86.Build.0 = Debug|Any CPU
		{E8B1AF14-86B8-41E4-A6A0-F4BDC548B4D0}.Debug|x86.Deploy.0 = Debug|Any CPU
		{E8B1AF14-86B8-41E4-A6A0-F4BDC548B4D0}.Release|Any CPU.ActiveCfg = Release|Any CPU
		{E8B1AF14-86B8-41E4-A6A0-F4BDC548B4D0}.Release|Any CPU.Build.0 = Release|Any CPU
		{E8B1AF14-86B8-41E4-A6A0-F4BDC548B4D0}.Release|Any CPU.Deploy.0 = Release|Any CPU
		{E8B1AF14-86B8-41E4-A6A0-F4BDC548B4D0}.Release|ARM.ActiveCfg = Release|Any CPU
		{E8B1AF14-86B8-41E4-A6A0-F4BDC548B4D0}.Release|ARM.Build.0 = Release|Any CPU
		{E8B1AF14-86B8-41E4-A6A0-F4BDC548B4D0}.Release|ARM.Deploy.0 = Release|Any CPU
		{E8B1AF14-86B8-41E4-A6A0-F4BDC548B4D0}.Release|iPhone.ActiveCfg = Release|Any CPU
		{E8B1AF14-86B8-41E4-A6A0-F4BDC548B4D0}.Release|iPhone.Build.0 = Release|Any CPU
		{E8B1AF14-86B8-41E4-A6A0-F4BDC548B4D0}.Release|iPhone.Deploy.0 = Release|Any CPU
		{E8B1AF14-86B8-41E4-A6A0-F4BDC548B4D0}.Release|iPhoneSimulator.ActiveCfg = Release|Any CPU
		{E8B1AF14-86B8-41E4-A6A0-F4BDC548B4D0}.Release|iPhoneSimulator.Build.0 = Release|Any CPU
		{E8B1AF14-86B8-41E4-A6A0-F4BDC548B4D0}.Release|iPhoneSimulator.Deploy.0 = Release|Any CPU
		{E8B1AF14-86B8-41E4-A6A0-F4BDC548B4D0}.Release|x64.ActiveCfg = Release|Any CPU
		{E8B1AF14-86B8-41E4-A6A0-F4BDC548B4D0}.Release|x64.Build.0 = Release|Any CPU
		{E8B1AF14-86B8-41E4-A6A0-F4BDC548B4D0}.Release|x64.Deploy.0 = Release|Any CPU
		{E8B1AF14-86B8-41E4-A6A0-F4BDC548B4D0}.Release|x86.ActiveCfg = Release|Any CPU
		{E8B1AF14-86B8-41E4-A6A0-F4BDC548B4D0}.Release|x86.Build.0 = Release|Any CPU
		{E8B1AF14-86B8-41E4-A6A0-F4BDC548B4D0}.Release|x86.Deploy.0 = Release|Any CPU
	EndGlobalSection
	GlobalSection(SolutionProperties) = preSolution
		HideSolutionNode = FALSE
	EndGlobalSection
	GlobalSection(ExtensibilityGlobals) = postSolution
		SolutionGuid = {470FE316-0A84-4AAF-A713-300D5C8B9B1A}
	EndGlobalSection
EndGlobal
