
Microsoft Visual Studio Solution File, Format Version 12.00
# Visual Studio 15
VisualStudioVersion = 15.0.28307.168
MinimumVisualStudioVersion = 10.0.40219.1
Project("{FAE04EC0-301F-11D3-BF4B-00C04F79EFBC}") = "ConsultarCEP.Android", "ConsultarCEP\ConsultarCEP.Android\ConsultarCEP.Android.csproj", "{46F90B88-CDC7-4294-BADB-677CA4527814}"
EndProject
Project("{FAE04EC0-301F-11D3-BF4B-00C04F79EFBC}") = "ConsultarCEP.iOS", "ConsultarCEP\ConsultarCEP.iOS\ConsultarCEP.iOS.csproj", "{997C4808-31B1-4FFA-B7F6-0D169DF8A99B}"
EndProject
Project("{FAE04EC0-301F-11D3-BF4B-00C04F79EFBC}") = "ConsultarCEP.UWP", "ConsultarCEP\ConsultarCEP.UWP\ConsultarCEP.UWP.csproj", "{399C8F2F-DF34-42DD-95BE-65C6437F5DEA}"
EndProject
Project("{FAE04EC0-301F-11D3-BF4B-00C04F79EFBC}") = "ConsultarCEP", "ConsultarCEP\ConsultarCEP\ConsultarCEP.csproj", "{F3E139D6-F4CB-40CE-BD88-40BF621EDE90}"
EndProject
Global
	GlobalSection(SolutionConfigurationPlatforms) = preSolution
		Ad-Hoc|Any CPU = Ad-Hoc|Any CPU
		Ad-Hoc|ARM = Ad-Hoc|ARM
		Ad-Hoc|iPhone = Ad-Hoc|iPhone
		Ad-Hoc|iPhoneSimulator = Ad-Hoc|iPhoneSimulator
		Ad-Hoc|x64 = Ad-Hoc|x64
		Ad-Hoc|x86 = Ad-Hoc|x86
		AppStore|Any CPU = AppStore|Any CPU
		AppStore|ARM = AppStore|ARM
		AppStore|iPhone = AppStore|iPhone
		AppStore|iPhoneSimulator = AppStore|iPhoneSimulator
		AppStore|x64 = AppStore|x64
		AppStore|x86 = AppStore|x86
		Debug|Any CPU = Debug|Any CPU
		Debug|ARM = Debug|ARM
		Debug|iPhone = Debug|iPhone
		Debug|iPhoneSimulator = Debug|iPhoneSimulator
		Debug|x64 = Debug|x64
		Debug|x86 = Debug|x86
		Release|Any CPU = Release|Any CPU
		Release|ARM = Release|ARM
		Release|iPhone = Release|iPhone
		Release|iPhoneSimulator = Release|iPhoneSimulator
		Release|x64 = Release|x64
		Release|x86 = Release|x86
	EndGlobalSection
	GlobalSection(ProjectConfigurationPlatforms) = postSolution
		{46F90B88-CDC7-4294-BADB-677CA4527814}.Ad-Hoc|Any CPU.ActiveCfg = Release|Any CPU
		{46F90B88-CDC7-4294-BADB-677CA4527814}.Ad-Hoc|Any CPU.Build.0 = Release|Any CPU
		{46F90B88-CDC7-4294-BADB-677CA4527814}.Ad-Hoc|Any CPU.Deploy.0 = Release|Any CPU
		{46F90B88-CDC7-4294-BADB-677CA4527814}.Ad-Hoc|ARM.ActiveCfg = Release|Any CPU
		{46F90B88-CDC7-4294-BADB-677CA4527814}.Ad-Hoc|ARM.Build.0 = Release|Any CPU
		{46F90B88-CDC7-4294-BADB-677CA4527814}.Ad-Hoc|ARM.Deploy.0 = Release|Any CPU
		{46F90B88-CDC7-4294-BADB-677CA4527814}.Ad-Hoc|iPhone.ActiveCfg = Release|Any CPU
		{46F90B88-CDC7-4294-BADB-677CA4527814}.Ad-Hoc|iPhone.Build.0 = Release|Any CPU
		{46F90B88-CDC7-4294-BADB-677CA4527814}.Ad-Hoc|iPhone.Deploy.0 = Release|Any CPU
		{46F90B88-CDC7-4294-BADB-677CA4527814}.Ad-Hoc|iPhoneSimulator.ActiveCfg = Release|Any CPU
		{46F90B88-CDC7-4294-BADB-677CA4527814}.Ad-Hoc|iPhoneSimulator.Build.0 = Release|Any CPU
		{46F90B88-CDC7-4294-BADB-677CA4527814}.Ad-Hoc|iPhoneSimulator.Deploy.0 = Release|Any CPU
		{46F90B88-CDC7-4294-BADB-677CA4527814}.Ad-Hoc|x64.ActiveCfg = Release|Any CPU
		{46F90B88-CDC7-4294-BADB-677CA4527814}.Ad-Hoc|x64.Build.0 = Release|Any CPU
		{46F90B88-CDC7-4294-BADB-677CA4527814}.Ad-Hoc|x64.Deploy.0 = Release|Any CPU
		{46F90B88-CDC7-4294-BADB-677CA4527814}.Ad-Hoc|x86.ActiveCfg = Release|Any CPU
		{46F90B88-CDC7-4294-BADB-677CA4527814}.Ad-Hoc|x86.Build.0 = Release|Any CPU
		{46F90B88-CDC7-4294-BADB-677CA4527814}.Ad-Hoc|x86.Deploy.0 = Release|Any CPU
		{46F90B88-CDC7-4294-BADB-677CA4527814}.AppStore|Any CPU.ActiveCfg = Release|Any CPU
		{46F90B88-CDC7-4294-BADB-677CA4527814}.AppStore|Any CPU.Build.0 = Release|Any CPU
		{46F90B88-CDC7-4294-BADB-677CA4527814}.AppStore|Any CPU.Deploy.0 = Release|Any CPU
		{46F90B88-CDC7-4294-BADB-677CA4527814}.AppStore|ARM.ActiveCfg = Release|Any CPU
		{46F90B88-CDC7-4294-BADB-677CA4527814}.AppStore|ARM.Build.0 = Release|Any CPU
		{46F90B88-CDC7-4294-BADB-677CA4527814}.AppStore|ARM.Deploy.0 = Release|Any CPU
		{46F90B88-CDC7-4294-BADB-677CA4527814}.AppStore|iPhone.ActiveCfg = Release|Any CPU
		{46F90B88-CDC7-4294-BADB-677CA4527814}.AppStore|iPhone.Build.0 = Release|Any CPU
		{46F90B88-CDC7-4294-BADB-677CA4527814}.AppStore|iPhone.Deploy.0 = Release|Any CPU
		{46F90B88-CDC7-4294-BADB-677CA4527814}.AppStore|iPhoneSimulator.ActiveCfg = Release|Any CPU
		{46F90B88-CDC7-4294-BADB-677CA4527814}.AppStore|iPhoneSimulator.Build.0 = Release|Any CPU
		{46F90B88-CDC7-4294-BADB-677CA4527814}.AppStore|iPhoneSimulator.Deploy.0 = Release|Any CPU
		{46F90B88-CDC7-4294-BADB-677CA4527814}.AppStore|x64.ActiveCfg = Release|Any CPU
		{46F90B88-CDC7-4294-BADB-677CA4527814}.AppStore|x64.Build.0 = Release|Any CPU
		{46F90B88-CDC7-4294-BADB-677CA4527814}.AppStore|x64.Deploy.0 = Release|Any CPU
		{46F90B88-CDC7-4294-BADB-677CA4527814}.AppStore|x86.ActiveCfg = Release|Any CPU
		{46F90B88-CDC7-4294-BADB-677CA4527814}.AppStore|x86.Build.0 = Release|Any CPU
		{46F90B88-CDC7-4294-BADB-677CA4527814}.AppStore|x86.Deploy.0 = Release|Any CPU
		{46F90B88-CDC7-4294-BADB-677CA4527814}.Debug|Any CPU.ActiveCfg = Debug|Any CPU
		{46F90B88-CDC7-4294-BADB-677CA4527814}.Debug|Any CPU.Build.0 = Debug|Any CPU
		{46F90B88-CDC7-4294-BADB-677CA4527814}.Debug|Any CPU.Deploy.0 = Debug|Any CPU
		{46F90B88-CDC7-4294-BADB-677CA4527814}.Debug|ARM.ActiveCfg = Debug|Any CPU
		{46F90B88-CDC7-4294-BADB-677CA4527814}.Debug|ARM.Build.0 = Debug|Any CPU
		{46F90B88-CDC7-4294-BADB-677CA4527814}.Debug|ARM.Deploy.0 = Debug|Any CPU
		{46F90B88-CDC7-4294-BADB-677CA4527814}.Debug|iPhone.ActiveCfg = Debug|Any CPU
		{46F90B88-CDC7-4294-BADB-677CA4527814}.Debug|iPhone.Build.0 = Debug|Any CPU
		{46F90B88-CDC7-4294-BADB-677CA4527814}.Debug|iPhone.Deploy.0 = Debug|Any CPU
		{46F90B88-CDC7-4294-BADB-677CA4527814}.Debug|iPhoneSimulator.ActiveCfg = Debug|Any CPU
		{46F90B88-CDC7-4294-BADB-677CA4527814}.Debug|iPhoneSimulator.Build.0 = Debug|Any CPU
		{46F90B88-CDC7-4294-BADB-677CA4527814}.Debug|iPhoneSimulator.Deploy.0 = Debug|Any CPU
		{46F90B88-CDC7-4294-BADB-677CA4527814}.Debug|x64.ActiveCfg = Debug|Any CPU
		{46F90B88-CDC7-4294-BADB-677CA4527814}.Debug|x64.Build.0 = Debug|Any CPU
		{46F90B88-CDC7-4294-BADB-677CA4527814}.Debug|x64.Deploy.0 = Debug|Any CPU
		{46F90B88-CDC7-4294-BADB-677CA4527814}.Debug|x86.ActiveCfg = Debug|Any CPU
		{46F90B88-CDC7-4294-BADB-677CA4527814}.Debug|x86.Build.0 = Debug|Any CPU
		{46F90B88-CDC7-4294-BADB-677CA4527814}.Debug|x86.Deploy.0 = Debug|Any CPU
		{46F90B88-CDC7-4294-BADB-677CA4527814}.Release|Any CPU.ActiveCfg = Release|Any CPU
		{46F90B88-CDC7-4294-BADB-677CA4527814}.Release|Any CPU.Build.0 = Release|Any CPU
		{46F90B88-CDC7-4294-BADB-677CA4527814}.Release|Any CPU.Deploy.0 = Release|Any CPU
		{46F90B88-CDC7-4294-BADB-677CA4527814}.Release|ARM.ActiveCfg = Release|Any CPU
		{46F90B88-CDC7-4294-BADB-677CA4527814}.Release|ARM.Build.0 = Release|Any CPU
		{46F90B88-CDC7-4294-BADB-677CA4527814}.Release|ARM.Deploy.0 = Release|Any CPU
		{46F90B88-CDC7-4294-BADB-677CA4527814}.Release|iPhone.ActiveCfg = Release|Any CPU
		{46F90B88-CDC7-4294-BADB-677CA4527814}.Release|iPhone.Build.0 = Release|Any CPU
		{46F90B88-CDC7-4294-BADB-677CA4527814}.Release|iPhone.Deploy.0 = Release|Any CPU
		{46F90B88-CDC7-4294-BADB-677CA4527814}.Release|iPhoneSimulator.ActiveCfg = Release|Any CPU
		{46F90B88-CDC7-4294-BADB-677CA4527814}.Release|iPhoneSimulator.Build.0 = Release|Any CPU
		{46F90B88-CDC7-4294-BADB-677CA4527814}.Release|iPhoneSimulator.Deploy.0 = Release|Any CPU
		{46F90B88-CDC7-4294-BADB-677CA4527814}.Release|x64.ActiveCfg = Release|Any CPU
		{46F90B88-CDC7-4294-BADB-677CA4527814}.Release|x64.Build.0 = Release|Any CPU
		{46F90B88-CDC7-4294-BADB-677CA4527814}.Release|x64.Deploy.0 = Release|Any CPU
		{46F90B88-CDC7-4294-BADB-677CA4527814}.Release|x86.ActiveCfg = Release|Any CPU
		{46F90B88-CDC7-4294-BADB-677CA4527814}.Release|x86.Build.0 = Release|Any CPU
		{46F90B88-CDC7-4294-BADB-677CA4527814}.Release|x86.Deploy.0 = Release|Any CPU
		{997C4808-31B1-4FFA-B7F6-0D169DF8A99B}.Ad-Hoc|Any CPU.ActiveCfg = Ad-Hoc|iPhone
		{997C4808-31B1-4FFA-B7F6-0D169DF8A99B}.Ad-Hoc|Any CPU.Build.0 = Ad-Hoc|iPhone
		{997C4808-31B1-4FFA-B7F6-0D169DF8A99B}.Ad-Hoc|Any CPU.Deploy.0 = Ad-Hoc|iPhone
		{997C4808-31B1-4FFA-B7F6-0D169DF8A99B}.Ad-Hoc|ARM.ActiveCfg = Ad-Hoc|iPhone
		{997C4808-31B1-4FFA-B7F6-0D169DF8A99B}.Ad-Hoc|ARM.Build.0 = Ad-Hoc|iPhone
		{997C4808-31B1-4FFA-B7F6-0D169DF8A99B}.Ad-Hoc|ARM.Deploy.0 = Ad-Hoc|iPhone
		{997C4808-31B1-4FFA-B7F6-0D169DF8A99B}.Ad-Hoc|iPhone.ActiveCfg = Ad-Hoc|iPhone
		{997C4808-31B1-4FFA-B7F6-0D169DF8A99B}.Ad-Hoc|iPhone.Build.0 = Ad-Hoc|iPhone
		{997C4808-31B1-4FFA-B7F6-0D169DF8A99B}.Ad-Hoc|iPhone.Deploy.0 = Ad-Hoc|iPhone
		{997C4808-31B1-4FFA-B7F6-0D169DF8A99B}.Ad-Hoc|iPhoneSimulator.ActiveCfg = Ad-Hoc|iPhoneSimulator
		{997C4808-31B1-4FFA-B7F6-0D169DF8A99B}.Ad-Hoc|iPhoneSimulator.Build.0 = Ad-Hoc|iPhoneSimulator
		{997C4808-31B1-4FFA-B7F6-0D169DF8A99B}.Ad-Hoc|iPhoneSimulator.Deploy.0 = Ad-Hoc|iPhoneSimulator
		{997C4808-31B1-4FFA-B7F6-0D169DF8A99B}.Ad-Hoc|x64.ActiveCfg = Ad-Hoc|iPhone
		{997C4808-31B1-4FFA-B7F6-0D169DF8A99B}.Ad-Hoc|x64.Build.0 = Ad-Hoc|iPhone
		{997C4808-31B1-4FFA-B7F6-0D169DF8A99B}.Ad-Hoc|x64.Deploy.0 = Ad-Hoc|iPhone
		{997C4808-31B1-4FFA-B7F6-0D169DF8A99B}.Ad-Hoc|x86.ActiveCfg = Ad-Hoc|iPhone
		{997C4808-31B1-4FFA-B7F6-0D169DF8A99B}.Ad-Hoc|x86.Build.0 = Ad-Hoc|iPhone
		{997C4808-31B1-4FFA-B7F6-0D169DF8A99B}.Ad-Hoc|x86.Deploy.0 = Ad-Hoc|iPhone
		{997C4808-31B1-4FFA-B7F6-0D169DF8A99B}.AppStore|Any CPU.ActiveCfg = AppStore|iPhone
		{997C4808-31B1-4FFA-B7F6-0D169DF8A99B}.AppStore|Any CPU.Build.0 = AppStore|iPhone
		{997C4808-31B1-4FFA-B7F6-0D169DF8A99B}.AppStore|Any CPU.Deploy.0 = AppStore|iPhone
		{997C4808-31B1-4FFA-B7F6-0D169DF8A99B}.AppStore|ARM.ActiveCfg = AppStore|iPhone
		{997C4808-31B1-4FFA-B7F6-0D169DF8A99B}.AppStore|ARM.Build.0 = AppStore|iPhone
		{997C4808-31B1-4FFA-B7F6-0D169DF8A99B}.AppStore|ARM.Deploy.0 = AppStore|iPhone
		{997C4808-31B1-4FFA-B7F6-0D169DF8A99B}.AppStore|iPhone.ActiveCfg = AppStore|iPhone
		{997C4808-31B1-4FFA-B7F6-0D169DF8A99B}.AppStore|iPhone.Build.0 = AppStore|iPhone
		{997C4808-31B1-4FFA-B7F6-0D169DF8A99B}.AppStore|iPhone.Deploy.0 = AppStore|iPhone
		{997C4808-31B1-4FFA-B7F6-0D169DF8A99B}.AppStore|iPhoneSimulator.ActiveCfg = AppStore|iPhoneSimulator
		{997C4808-31B1-4FFA-B7F6-0D169DF8A99B}.AppStore|iPhoneSimulator.Build.0 = AppStore|iPhoneSimulator
		{997C4808-31B1-4FFA-B7F6-0D169DF8A99B}.AppStore|iPhoneSimulator.Deploy.0 = AppStore|iPhoneSimulator
		{997C4808-31B1-4FFA-B7F6-0D169DF8A99B}.AppStore|x64.ActiveCfg = AppStore|iPhone
		{997C4808-31B1-4FFA-B7F6-0D169DF8A99B}.AppStore|x64.Build.0 = AppStore|iPhone
		{997C4808-31B1-4FFA-B7F6-0D169DF8A99B}.AppStore|x64.Deploy.0 = AppStore|iPhone
		{997C4808-31B1-4FFA-B7F6-0D169DF8A99B}.AppStore|x86.ActiveCfg = AppStore|iPhone
		{997C4808-31B1-4FFA-B7F6-0D169DF8A99B}.AppStore|x86.Build.0 = AppStore|iPhone
		{997C4808-31B1-4FFA-B7F6-0D169DF8A99B}.AppStore|x86.Deploy.0 = AppStore|iPhone
		{997C4808-31B1-4FFA-B7F6-0D169DF8A99B}.Debug|Any CPU.ActiveCfg = Debug|iPhoneSimulator
		{997C4808-31B1-4FFA-B7F6-0D169DF8A99B}.Debug|Any CPU.Build.0 = Debug|iPhoneSimulator
		{997C4808-31B1-4FFA-B7F6-0D169DF8A99B}.Debug|Any CPU.Deploy.0 = Debug|iPhoneSimulator
		{997C4808-31B1-4FFA-B7F6-0D169DF8A99B}.Debug|ARM.ActiveCfg = Debug|iPhone
		{997C4808-31B1-4FFA-B7F6-0D169DF8A99B}.Debug|ARM.Build.0 = Debug|iPhone
		{997C4808-31B1-4FFA-B7F6-0D169DF8A99B}.Debug|ARM.Deploy.0 = Debug|iPhone
		{997C4808-31B1-4FFA-B7F6-0D169DF8A99B}.Debug|iPhone.ActiveCfg = Debug|iPhone
		{997C4808-31B1-4FFA-B7F6-0D169DF8A99B}.Debug|iPhone.Build.0 = Debug|iPhone
		{997C4808-31B1-4FFA-B7F6-0D169DF8A99B}.Debug|iPhone.Deploy.0 = Debug|iPhone
		{997C4808-31B1-4FFA-B7F6-0D169DF8A99B}.Debug|iPhoneSimulator.ActiveCfg = Debug|iPhoneSimulator
		{997C4808-31B1-4FFA-B7F6-0D169DF8A99B}.Debug|iPhoneSimulator.Build.0 = Debug|iPhoneSimulator
		{997C4808-31B1-4FFA-B7F6-0D169DF8A99B}.Debug|iPhoneSimulator.Deploy.0 = Debug|iPhoneSimulator
		{997C4808-31B1-4FFA-B7F6-0D169DF8A99B}.Debug|x64.ActiveCfg = Debug|iPhone
		{997C4808-31B1-4FFA-B7F6-0D169DF8A99B}.Debug|x64.Build.0 = Debug|iPhone
		{997C4808-31B1-4FFA-B7F6-0D169DF8A99B}.Debug|x64.Deploy.0 = Debug|iPhone
		{997C4808-31B1-4FFA-B7F6-0D169DF8A99B}.Debug|x86.ActiveCfg = Debug|iPhone
		{997C4808-31B1-4FFA-B7F6-0D169DF8A99B}.Debug|x86.Build.0 = Debug|iPhone
		{997C4808-31B1-4FFA-B7F6-0D169DF8A99B}.Debug|x86.Deploy.0 = Debug|iPhone
		{997C4808-31B1-4FFA-B7F6-0D169DF8A99B}.Release|Any CPU.ActiveCfg = Release|iPhone
		{997C4808-31B1-4FFA-B7F6-0D169DF8A99B}.Release|Any CPU.Build.0 = Release|iPhone
		{997C4808-31B1-4FFA-B7F6-0D169DF8A99B}.Release|Any CPU.Deploy.0 = Release|iPhone
		{997C4808-31B1-4FFA-B7F6-0D169DF8A99B}.Release|ARM.ActiveCfg = Release|iPhone
		{997C4808-31B1-4FFA-B7F6-0D169DF8A99B}.Release|ARM.Build.0 = Release|iPhone
		{997C4808-31B1-4FFA-B7F6-0D169DF8A99B}.Release|ARM.Deploy.0 = Release|iPhone
		{997C4808-31B1-4FFA-B7F6-0D169DF8A99B}.Release|iPhone.ActiveCfg = Release|iPhone
		{997C4808-31B1-4FFA-B7F6-0D169DF8A99B}.Release|iPhone.Build.0 = Release|iPhone
		{997C4808-31B1-4FFA-B7F6-0D169DF8A99B}.Release|iPhone.Deploy.0 = Release|iPhone
		{997C4808-31B1-4FFA-B7F6-0D169DF8A99B}.Release|iPhoneSimulator.ActiveCfg = Release|iPhoneSimulator
		{997C4808-31B1-4FFA-B7F6-0D169DF8A99B}.Release|iPhoneSimulator.Build.0 = Release|iPhoneSimulator
		{997C4808-31B1-4FFA-B7F6-0D169DF8A99B}.Release|iPhoneSimulator.Deploy.0 = Release|iPhoneSimulator
		{997C4808-31B1-4FFA-B7F6-0D169DF8A99B}.Release|x64.ActiveCfg = Release|iPhone
		{997C4808-31B1-4FFA-B7F6-0D169DF8A99B}.Release|x64.Build.0 = Release|iPhone
		{997C4808-31B1-4FFA-B7F6-0D169DF8A99B}.Release|x64.Deploy.0 = Release|iPhone
		{997C4808-31B1-4FFA-B7F6-0D169DF8A99B}.Release|x86.ActiveCfg = Release|iPhone
		{997C4808-31B1-4FFA-B7F6-0D169DF8A99B}.Release|x86.Build.0 = Release|iPhone
		{997C4808-31B1-4FFA-B7F6-0D169DF8A99B}.Release|x86.Deploy.0 = Release|iPhone
		{399C8F2F-DF34-42DD-95BE-65C6437F5DEA}.Ad-Hoc|Any CPU.ActiveCfg = Release|x86
		{399C8F2F-DF34-42DD-95BE-65C6437F5DEA}.Ad-Hoc|Any CPU.Build.0 = Release|x86
		{399C8F2F-DF34-42DD-95BE-65C6437F5DEA}.Ad-Hoc|Any CPU.Deploy.0 = Release|x86
		{399C8F2F-DF34-42DD-95BE-65C6437F5DEA}.Ad-Hoc|ARM.ActiveCfg = Release|ARM
		{399C8F2F-DF34-42DD-95BE-65C6437F5DEA}.Ad-Hoc|ARM.Build.0 = Release|ARM
		{399C8F2F-DF34-42DD-95BE-65C6437F5DEA}.Ad-Hoc|ARM.Deploy.0 = Release|ARM
		{399C8F2F-DF34-42DD-95BE-65C6437F5DEA}.Ad-Hoc|iPhone.ActiveCfg = Release|x86
		{399C8F2F-DF34-42DD-95BE-65C6437F5DEA}.Ad-Hoc|iPhone.Build.0 = Release|x86
		{399C8F2F-DF34-42DD-95BE-65C6437F5DEA}.Ad-Hoc|iPhone.Deploy.0 = Release|x86
		{399C8F2F-DF34-42DD-95BE-65C6437F5DEA}.Ad-Hoc|iPhoneSimulator.ActiveCfg = Release|x86
		{399C8F2F-DF34-42DD-95BE-65C6437F5DEA}.Ad-Hoc|iPhoneSimulator.Build.0 = Release|x86
		{399C8F2F-DF34-42DD-95BE-65C6437F5DEA}.Ad-Hoc|iPhoneSimulator.Deploy.0 = Release|x86
		{399C8F2F-DF34-42DD-95BE-65C6437F5DEA}.Ad-Hoc|x64.ActiveCfg = Release|x64
		{399C8F2F-DF34-42DD-95BE-65C6437F5DEA}.Ad-Hoc|x64.Build.0 = Release|x64
		{399C8F2F-DF34-42DD-95BE-65C6437F5DEA}.Ad-Hoc|x64.Deploy.0 = Release|x64
		{399C8F2F-DF34-42DD-95BE-65C6437F5DEA}.Ad-Hoc|x86.ActiveCfg = Release|x86
		{399C8F2F-DF34-42DD-95BE-65C6437F5DEA}.Ad-Hoc|x86.Build.0 = Release|x86
		{399C8F2F-DF34-42DD-95BE-65C6437F5DEA}.Ad-Hoc|x86.Deploy.0 = Release|x86
		{399C8F2F-DF34-42DD-95BE-65C6437F5DEA}.AppStore|Any CPU.ActiveCfg = Release|x86
		{399C8F2F-DF34-42DD-95BE-65C6437F5DEA}.AppStore|Any CPU.Build.0 = Release|x86
		{399C8F2F-DF34-42DD-95BE-65C6437F5DEA}.AppStore|Any CPU.Deploy.0 = Release|x86
		{399C8F2F-DF34-42DD-95BE-65C6437F5DEA}.AppStore|ARM.ActiveCfg = Release|ARM
		{399C8F2F-DF34-42DD-95BE-65C6437F5DEA}.AppStore|ARM.Build.0 = Release|ARM
		{399C8F2F-DF34-42DD-95BE-65C6437F5DEA}.AppStore|ARM.Deploy.0 = Release|ARM
		{399C8F2F-DF34-42DD-95BE-65C6437F5DEA}.AppStore|iPhone.ActiveCfg = Release|x86
		{399C8F2F-DF34-42DD-95BE-65C6437F5DEA}.AppStore|iPhone.Build.0 = Release|x86
		{399C8F2F-DF34-42DD-95BE-65C6437F5DEA}.AppStore|iPhone.Deploy.0 = Release|x86
		{399C8F2F-DF34-42DD-95BE-65C6437F5DEA}.AppStore|iPhoneSimulator.ActiveCfg = Release|x86
		{399C8F2F-DF34-42DD-95BE-65C6437F5DEA}.AppStore|iPhoneSimulator.Build.0 = Release|x86
		{399C8F2F-DF34-42DD-95BE-65C6437F5DEA}.AppStore|iPhoneSimulator.Deploy.0 = Release|x86
		{399C8F2F-DF34-42DD-95BE-65C6437F5DEA}.AppStore|x64.ActiveCfg = Release|x64
		{399C8F2F-DF34-42DD-95BE-65C6437F5DEA}.AppStore|x64.Build.0 = Release|x64
		{399C8F2F-DF34-42DD-95BE-65C6437F5DEA}.AppStore|x64.Deploy.0 = Release|x64
		{399C8F2F-DF34-42DD-95BE-65C6437F5DEA}.AppStore|x86.ActiveCfg = Release|x86
		{399C8F2F-DF34-42DD-95BE-65C6437F5DEA}.AppStore|x86.Build.0 = Release|x86
		{399C8F2F-DF34-42DD-95BE-65C6437F5DEA}.AppStore|x86.Deploy.0 = Release|x86
		{399C8F2F-DF34-42DD-95BE-65C6437F5DEA}.Debug|Any CPU.ActiveCfg = Debug|x86
		{399C8F2F-DF34-42DD-95BE-65C6437F5DEA}.Debug|Any CPU.Build.0 = Debug|x86
		{399C8F2F-DF34-42DD-95BE-65C6437F5DEA}.Debug|Any CPU.Deploy.0 = Debug|x86
		{399C8F2F-DF34-42DD-95BE-65C6437F5DEA}.Debug|ARM.ActiveCfg = Debug|ARM
		{399C8F2F-DF34-42DD-95BE-65C6437F5DEA}.Debug|ARM.Build.0 = Debug|ARM
		{399C8F2F-DF34-42DD-95BE-65C6437F5DEA}.Debug|ARM.Deploy.0 = Debug|ARM
		{399C8F2F-DF34-42DD-95BE-65C6437F5DEA}.Debug|iPhone.ActiveCfg = Debug|x86
		{399C8F2F-DF34-42DD-95BE-65C6437F5DEA}.Debug|iPhone.Build.0 = Debug|x86
		{399C8F2F-DF34-42DD-95BE-65C6437F5DEA}.Debug|iPhone.Deploy.0 = Debug|x86
		{399C8F2F-DF34-42DD-95BE-65C6437F5DEA}.Debug|iPhoneSimulator.ActiveCfg = Debug|x86
		{399C8F2F-DF34-42DD-95BE-65C6437F5DEA}.Debug|iPhoneSimulator.Build.0 = Debug|x86
		{399C8F2F-DF34-42DD-95BE-65C6437F5DEA}.Debug|iPhoneSimulator.Deploy.0 = Debug|x86
		{399C8F2F-DF34-42DD-95BE-65C6437F5DEA}.Debug|x64.ActiveCfg = Debug|x64
		{399C8F2F-DF34-42DD-95BE-65C6437F5DEA}.Debug|x64.Build.0 = Debug|x64
		{399C8F2F-DF34-42DD-95BE-65C6437F5DEA}.Debug|x64.Deploy.0 = Debug|x64
		{399C8F2F-DF34-42DD-95BE-65C6437F5DEA}.Debug|x86.ActiveCfg = Debug|x86
		{399C8F2F-DF34-42DD-95BE-65C6437F5DEA}.Debug|x86.Build.0 = Debug|x86
		{399C8F2F-DF34-42DD-95BE-65C6437F5DEA}.Debug|x86.Deploy.0 = Debug|x86
		{399C8F2F-DF34-42DD-95BE-65C6437F5DEA}.Release|Any CPU.ActiveCfg = Release|x86
		{399C8F2F-DF34-42DD-95BE-65C6437F5DEA}.Release|Any CPU.Build.0 = Release|x86
		{399C8F2F-DF34-42DD-95BE-65C6437F5DEA}.Release|Any CPU.Deploy.0 = Release|x86
		{399C8F2F-DF34-42DD-95BE-65C6437F5DEA}.Release|ARM.ActiveCfg = Release|ARM
		{399C8F2F-DF34-42DD-95BE-65C6437F5DEA}.Release|ARM.Build.0 = Release|ARM
		{399C8F2F-DF34-42DD-95BE-65C6437F5DEA}.Release|ARM.Deploy.0 = Release|ARM
		{399C8F2F-DF34-42DD-95BE-65C6437F5DEA}.Release|iPhone.ActiveCfg = Release|x86
		{399C8F2F-DF34-42DD-95BE-65C6437F5DEA}.Release|iPhone.Build.0 = Release|x86
		{399C8F2F-DF34-42DD-95BE-65C6437F5DEA}.Release|iPhone.Deploy.0 = Release|x86
		{399C8F2F-DF34-42DD-95BE-65C6437F5DEA}.Release|iPhoneSimulator.ActiveCfg = Release|x86
		{399C8F2F-DF34-42DD-95BE-65C6437F5DEA}.Release|iPhoneSimulator.Build.0 = Release|x86
		{399C8F2F-DF34-42DD-95BE-65C6437F5DEA}.Release|iPhoneSimulator.Deploy.0 = Release|x86
		{399C8F2F-DF34-42DD-95BE-65C6437F5DEA}.Release|x64.ActiveCfg = Release|x64
		{399C8F2F-DF34-42DD-95BE-65C6437F5DEA}.Release|x64.Build.0 = Release|x64
		{399C8F2F-DF34-42DD-95BE-65C6437F5DEA}.Release|x64.Deploy.0 = Release|x64
		{399C8F2F-DF34-42DD-95BE-65C6437F5DEA}.Release|x86.ActiveCfg = Release|x86
		{399C8F2F-DF34-42DD-95BE-65C6437F5DEA}.Release|x86.Build.0 = Release|x86
		{399C8F2F-DF34-42DD-95BE-65C6437F5DEA}.Release|x86.Deploy.0 = Release|x86
		{F3E139D6-F4CB-40CE-BD88-40BF621EDE90}.Ad-Hoc|Any CPU.ActiveCfg = Debug|Any CPU
		{F3E139D6-F4CB-40CE-BD88-40BF621EDE90}.Ad-Hoc|Any CPU.Build.0 = Debug|Any CPU
		{F3E139D6-F4CB-40CE-BD88-40BF621EDE90}.Ad-Hoc|Any CPU.Deploy.0 = Debug|Any CPU
		{F3E139D6-F4CB-40CE-BD88-40BF621EDE90}.Ad-Hoc|ARM.ActiveCfg = Debug|Any CPU
		{F3E139D6-F4CB-40CE-BD88-40BF621EDE90}.Ad-Hoc|ARM.Build.0 = Debug|Any CPU
		{F3E139D6-F4CB-40CE-BD88-40BF621EDE90}.Ad-Hoc|ARM.Deploy.0 = Debug|Any CPU
		{F3E139D6-F4CB-40CE-BD88-40BF621EDE90}.Ad-Hoc|iPhone.ActiveCfg = Debug|Any CPU
		{F3E139D6-F4CB-40CE-BD88-40BF621EDE90}.Ad-Hoc|iPhone.Build.0 = Debug|Any CPU
		{F3E139D6-F4CB-40CE-BD88-40BF621EDE90}.Ad-Hoc|iPhone.Deploy.0 = Debug|Any CPU
		{F3E139D6-F4CB-40CE-BD88-40BF621EDE90}.Ad-Hoc|iPhoneSimulator.ActiveCfg = Debug|Any CPU
		{F3E139D6-F4CB-40CE-BD88-40BF621EDE90}.Ad-Hoc|iPhoneSimulator.Build.0 = Debug|Any CPU
		{F3E139D6-F4CB-40CE-BD88-40BF621EDE90}.Ad-Hoc|iPhoneSimulator.Deploy.0 = Debug|Any CPU
		{F3E139D6-F4CB-40CE-BD88-40BF621EDE90}.Ad-Hoc|x64.ActiveCfg = Debug|Any CPU
		{F3E139D6-F4CB-40CE-BD88-40BF621EDE90}.Ad-Hoc|x64.Build.0 = Debug|Any CPU
		{F3E139D6-F4CB-40CE-BD88-40BF621EDE90}.Ad-Hoc|x64.Deploy.0 = Debug|Any CPU
		{F3E139D6-F4CB-40CE-BD88-40BF621EDE90}.Ad-Hoc|x86.ActiveCfg = Debug|Any CPU
		{F3E139D6-F4CB-40CE-BD88-40BF621EDE90}.Ad-Hoc|x86.Build.0 = Debug|Any CPU
		{F3E139D6-F4CB-40CE-BD88-40BF621EDE90}.Ad-Hoc|x86.Deploy.0 = Debug|Any CPU
		{F3E139D6-F4CB-40CE-BD88-40BF621EDE90}.AppStore|Any CPU.ActiveCfg = Debug|Any CPU
		{F3E139D6-F4CB-40CE-BD88-40BF621EDE90}.AppStore|Any CPU.Build.0 = Debug|Any CPU
		{F3E139D6-F4CB-40CE-BD88-40BF621EDE90}.AppStore|Any CPU.Deploy.0 = Debug|Any CPU
		{F3E139D6-F4CB-40CE-BD88-40BF621EDE90}.AppStore|ARM.ActiveCfg = Debug|Any CPU
		{F3E139D6-F4CB-40CE-BD88-40BF621EDE90}.AppStore|ARM.Build.0 = Debug|Any CPU
		{F3E139D6-F4CB-40CE-BD88-40BF621EDE90}.AppStore|ARM.Deploy.0 = Debug|Any CPU
		{F3E139D6-F4CB-40CE-BD88-40BF621EDE90}.AppStore|iPhone.ActiveCfg = Debug|Any CPU
		{F3E139D6-F4CB-40CE-BD88-40BF621EDE90}.AppStore|iPhone.Build.0 = Debug|Any CPU
		{F3E139D6-F4CB-40CE-BD88-40BF621EDE90}.AppStore|iPhone.Deploy.0 = Debug|Any CPU
		{F3E139D6-F4CB-40CE-BD88-40BF621EDE90}.AppStore|iPhoneSimulator.ActiveCfg = Debug|Any CPU
		{F3E139D6-F4CB-40CE-BD88-40BF621EDE90}.AppStore|iPhoneSimulator.Build.0 = Debug|Any CPU
		{F3E139D6-F4CB-40CE-BD88-40BF621EDE90}.AppStore|iPhoneSimulator.Deploy.0 = Debug|Any CPU
		{F3E139D6-F4CB-40CE-BD88-40BF621EDE90}.AppStore|x64.ActiveCfg = Debug|Any CPU
		{F3E139D6-F4CB-40CE-BD88-40BF621EDE90}.AppStore|x64.Build.0 = Debug|Any CPU
		{F3E139D6-F4CB-40CE-BD88-40BF621EDE90}.AppStore|x64.Deploy.0 = Debug|Any CPU
		{F3E139D6-F4CB-40CE-BD88-40BF621EDE90}.AppStore|x86.ActiveCfg = Debug|Any CPU
		{F3E139D6-F4CB-40CE-BD88-40BF621EDE90}.AppStore|x86.Build.0 = Debug|Any CPU
		{F3E139D6-F4CB-40CE-BD88-40BF621EDE90}.AppStore|x86.Deploy.0 = Debug|Any CPU
		{F3E139D6-F4CB-40CE-BD88-40BF621EDE90}.Debug|Any CPU.ActiveCfg = Debug|Any CPU
		{F3E139D6-F4CB-40CE-BD88-40BF621EDE90}.Debug|Any CPU.Build.0 = Debug|Any CPU
		{F3E139D6-F4CB-40CE-BD88-40BF621EDE90}.Debug|Any CPU.Deploy.0 = Debug|Any CPU
		{F3E139D6-F4CB-40CE-BD88-40BF621EDE90}.Debug|ARM.ActiveCfg = Debug|Any CPU
		{F3E139D6-F4CB-40CE-BD88-40BF621EDE90}.Debug|ARM.Build.0 = Debug|Any CPU
		{F3E139D6-F4CB-40CE-BD88-40BF621EDE90}.Debug|ARM.Deploy.0 = Debug|Any CPU
		{F3E139D6-F4CB-40CE-BD88-40BF621EDE90}.Debug|iPhone.ActiveCfg = Debug|Any CPU
		{F3E139D6-F4CB-40CE-BD88-40BF621EDE90}.Debug|iPhone.Build.0 = Debug|Any CPU
		{F3E139D6-F4CB-40CE-BD88-40BF621EDE90}.Debug|iPhone.Deploy.0 = Debug|Any CPU
		{F3E139D6-F4CB-40CE-BD88-40BF621EDE90}.Debug|iPhoneSimulator.ActiveCfg = Debug|Any CPU
		{F3E139D6-F4CB-40CE-BD88-40BF621EDE90}.Debug|iPhoneSimulator.Build.0 = Debug|Any CPU
		{F3E139D6-F4CB-40CE-BD88-40BF621EDE90}.Debug|iPhoneSimulator.Deploy.0 = Debug|Any CPU
		{F3E139D6-F4CB-40CE-BD88-40BF621EDE90}.Debug|x64.ActiveCfg = Debug|Any CPU
		{F3E139D6-F4CB-40CE-BD88-40BF621EDE90}.Debug|x64.Build.0 = Debug|Any CPU
		{F3E139D6-F4CB-40CE-BD88-40BF621EDE90}.Debug|x64.Deploy.0 = Debug|Any CPU
		{F3E139D6-F4CB-40CE-BD88-40BF621EDE90}.Debug|x86.ActiveCfg = Debug|Any CPU
		{F3E139D6-F4CB-40CE-BD88-40BF621EDE90}.Debug|x86.Build.0 = Debug|Any CPU
		{F3E139D6-F4CB-40CE-BD88-40BF621EDE90}.Debug|x86.Deploy.0 = Debug|Any CPU
		{F3E139D6-F4CB-40CE-BD88-40BF621EDE90}.Release|Any CPU.ActiveCfg = Release|Any CPU
		{F3E139D6-F4CB-40CE-BD88-40BF621EDE90}.Release|Any CPU.Build.0 = Release|Any CPU
		{F3E139D6-F4CB-40CE-BD88-40BF621EDE90}.Release|Any CPU.Deploy.0 = Release|Any CPU
		{F3E139D6-F4CB-40CE-BD88-40BF621EDE90}.Release|ARM.ActiveCfg = Release|Any CPU
		{F3E139D6-F4CB-40CE-BD88-40BF621EDE90}.Release|ARM.Build.0 = Release|Any CPU
		{F3E139D6-F4CB-40CE-BD88-40BF621EDE90}.Release|ARM.Deploy.0 = Release|Any CPU
		{F3E139D6-F4CB-40CE-BD88-40BF621EDE90}.Release|iPhone.ActiveCfg = Release|Any CPU
		{F3E139D6-F4CB-40CE-BD88-40BF621EDE90}.Release|iPhone.Build.0 = Release|Any CPU
		{F3E139D6-F4CB-40CE-BD88-40BF621EDE90}.Release|iPhone.Deploy.0 = Release|Any CPU
		{F3E139D6-F4CB-40CE-BD88-40BF621EDE90}.Release|iPhoneSimulator.ActiveCfg = Release|Any CPU
		{F3E139D6-F4CB-40CE-BD88-40BF621EDE90}.Release|iPhoneSimulator.Build.0 = Release|Any CPU
		{F3E139D6-F4CB-40CE-BD88-40BF621EDE90}.Release|iPhoneSimulator.Deploy.0 = Release|Any CPU
		{F3E139D6-F4CB-40CE-BD88-40BF621EDE90}.Release|x64.ActiveCfg = Release|Any CPU
		{F3E139D6-F4CB-40CE-BD88-40BF621EDE90}.Release|x64.Build.0 = Release|Any CPU
		{F3E139D6-F4CB-40CE-BD88-40BF621EDE90}.Release|x64.Deploy.0 = Release|Any CPU
		{F3E139D6-F4CB-40CE-BD88-40BF621EDE90}.Release|x86.ActiveCfg = Release|Any CPU
		{F3E139D6-F4CB-40CE-BD88-40BF621EDE90}.Release|x86.Build.0 = Release|Any CPU
		{F3E139D6-F4CB-40CE-BD88-40BF621EDE90}.Release|x86.Deploy.0 = Release|Any CPU
	EndGlobalSection
	GlobalSection(SolutionProperties) = preSolution
		HideSolutionNode = FALSE
	EndGlobalSection
	GlobalSection(ExtensibilityGlobals) = postSolution
		SolutionGuid = {4067D888-088E-48C8-8A92-46CACB162085}
	EndGlobalSection
EndGlobal
